# 需要安装Tiktok 21.1.0版本，其它版本自测
http:
  mitm:
    - "*.tiktokv.com"
    - "*.byteoversea.com"
    - "*.tik-tokapi.com"
  rewrite:
    # 将第一行JP改为想看的国家/地区的2位大写英文简写即可解锁不同区域内容，默认JP(日本)。例:KR(韩国),UK(英国),US(美国),TW(台湾)...
    - (?<=_region=)CN(?=&) JP 307
    - (?<=&mcc_mnc=)4 2 307
    - ^(https?:\/\/(tnc|dm)[\w-]+\.\w+\.com\/.+)(\?)(.+) $1$3 302
    - (?<=\d\/\?\w{7}_\w{4}=)1[6-9]..(?=.?.?&) 17 307
